// !$*UTF8*$!
{
	archiveVersion = 1;
	classes = {
	};
	objectVersion = 55;
	objects = {

/* Begin PBXBuildFile section */
		1309A37E28396A1800C53619 /* FavoriteViewController.swift in Sources */ = {isa = PBXBuildFile; fileRef = 1309A37C28396A1800C53619 /* FavoriteViewController.swift */; };
		1309A37F28396A1800C53619 /* FavoriteViewController.xib in Resources */ = {isa = PBXBuildFile; fileRef = 1309A37D28396A1800C53619 /* FavoriteViewController.xib */; };
		1309A3AE2840DCB600C53619 /* LoginViewController.swift in Sources */ = {isa = PBXBuildFile; fileRef = 1309A3AC2840DCB500C53619 /* LoginViewController.swift */; };
		1309A3AF2840DCB600C53619 /* LoginViewController.xib in Resources */ = {isa = PBXBuildFile; fileRef = 1309A3AD2840DCB500C53619 /* LoginViewController.xib */; };
		1319FD3927D618A50091FDA5 /* AppDelegate.swift in Sources */ = {isa = PBXBuildFile; fileRef = 1319FD3827D618A50091FDA5 /* AppDelegate.swift */; };
		1319FD3B27D618A50091FDA5 /* SceneDelegate.swift in Sources */ = {isa = PBXBuildFile; fileRef = 1319FD3A27D618A50091FDA5 /* SceneDelegate.swift */; };
		1319FD3D27D618A50091FDA5 /* ViewController.swift in Sources */ = {isa = PBXBuildFile; fileRef = 1319FD3C27D618A50091FDA5 /* ViewController.swift */; };
		1319FD4027D618A50091FDA5 /* Main.storyboard in Resources */ = {isa = PBXBuildFile; fileRef = 1319FD3E27D618A50091FDA5 /* Main.storyboard */; };
		1319FD4227D618A80091FDA5 /* Assets.xcassets in Resources */ = {isa = PBXBuildFile; fileRef = 1319FD4127D618A80091FDA5 /* Assets.xcassets */; };
		1319FD4527D618A80091FDA5 /* LaunchScreen.storyboard in Resources */ = {isa = PBXBuildFile; fileRef = 1319FD4327D618A80091FDA5 /* LaunchScreen.storyboard */; };
		1319FD4F27D619FB0091FDA5 /* HomeViewController.swift in Sources */ = {isa = PBXBuildFile; fileRef = 1319FD4D27D619FB0091FDA5 /* HomeViewController.swift */; };
		1319FD5027D619FB0091FDA5 /* HomeViewController.xib in Resources */ = {isa = PBXBuildFile; fileRef = 1319FD4E27D619FB0091FDA5 /* HomeViewController.xib */; };
		131A510C29145E79005BA4F0 /* HomePresenter.swift in Sources */ = {isa = PBXBuildFile; fileRef = 131A510B29145E79005BA4F0 /* HomePresenter.swift */; };
		131A510E291467C1005BA4F0 /* HomeRouter.swift in Sources */ = {isa = PBXBuildFile; fileRef = 131A510D291467C1005BA4F0 /* HomeRouter.swift */; };
		1327DC4329094803006B4587 /* FavoriteRouter.swift in Sources */ = {isa = PBXBuildFile; fileRef = 1327DC4229094803006B4587 /* FavoriteRouter.swift */; };
		1336C247288039D700C3F2C3 /* ReusableView.swift in Sources */ = {isa = PBXBuildFile; fileRef = 1336C246288039D700C3F2C3 /* ReusableView.swift */; };
		1339E4F62835055A001A9F29 /* DrinkStorage.swift in Sources */ = {isa = PBXBuildFile; fileRef = 1339E4F52835055A001A9F29 /* DrinkStorage.swift */; };
		13885D9D29000D3600035172 /* FavoriteDrinkCollectionViewCell.swift in Sources */ = {isa = PBXBuildFile; fileRef = 13885D9B29000D3600035172 /* FavoriteDrinkCollectionViewCell.swift */; };
		13885D9E29000D3600035172 /* FavoriteDrinkCollectionViewCell.xib in Resources */ = {isa = PBXBuildFile; fileRef = 13885D9C29000D3600035172 /* FavoriteDrinkCollectionViewCell.xib */; };
		138B1ED727DA134800F583B0 /* Product1TableViewCell.swift in Sources */ = {isa = PBXBuildFile; fileRef = 138B1ED527DA134800F583B0 /* Product1TableViewCell.swift */; };
		138B1ED827DA134800F583B0 /* Product1TableViewCell.xib in Resources */ = {isa = PBXBuildFile; fileRef = 138B1ED627DA134800F583B0 /* Product1TableViewCell.xib */; };
		138B1EDC27DA189300F583B0 /* specificationViewController.swift in Sources */ = {isa = PBXBuildFile; fileRef = 138B1EDA27DA189300F583B0 /* specificationViewController.swift */; };
		138B1EDD27DA189300F583B0 /* specificationViewController.xib in Resources */ = {isa = PBXBuildFile; fileRef = 138B1EDB27DA189300F583B0 /* specificationViewController.xib */; };
		1397CEE0280B7550004A17F9 /* TabBarController.swift in Sources */ = {isa = PBXBuildFile; fileRef = 1397CEDF280B7550004A17F9 /* TabBarController.swift */; };
		139E623D281ED89000C5DE8E /* infoProfileTableViewCell.swift in Sources */ = {isa = PBXBuildFile; fileRef = 139E623B281ED89000C5DE8E /* infoProfileTableViewCell.swift */; };
		139E623E281ED89000C5DE8E /* infoProfileTableViewCell.xib in Resources */ = {isa = PBXBuildFile; fileRef = 139E623C281ED89000C5DE8E /* infoProfileTableViewCell.xib */; };
		13A1F381290EA0050039B0E8 /* HomeInteractor.swift in Sources */ = {isa = PBXBuildFile; fileRef = 13A1F380290EA0050039B0E8 /* HomeInteractor.swift */; };
		13CB60AF281AA59C0012AE6E /* ProfileStorage.swift in Sources */ = {isa = PBXBuildFile; fileRef = 13CB60AE281AA59C0012AE6E /* ProfileStorage.swift */; };
		13DC6A3727D76A5B002FA43A /* DrinkManager.swift in Sources */ = {isa = PBXBuildFile; fileRef = 13DC6A3627D76A5B002FA43A /* DrinkManager.swift */; };
		13DC6A3927D76A80002FA43A /* Drink.swift in Sources */ = {isa = PBXBuildFile; fileRef = 13DC6A3827D76A80002FA43A /* Drink.swift */; };
		13DC6A3B27D76BA9002FA43A /* Response.swift in Sources */ = {isa = PBXBuildFile; fileRef = 13DC6A3A27D76BA9002FA43A /* Response.swift */; };
		13EEEDA6290561390073F5BC /* LettersCollectionViewCell.swift in Sources */ = {isa = PBXBuildFile; fileRef = 13EEEDA4290561390073F5BC /* LettersCollectionViewCell.swift */; };
		13EEEDA7290561390073F5BC /* LettersCollectionViewCell.xib in Resources */ = {isa = PBXBuildFile; fileRef = 13EEEDA5290561390073F5BC /* LettersCollectionViewCell.xib */; };
		13EEEDC92907F2510073F5BC /* FavoriteInteractor.swift in Sources */ = {isa = PBXBuildFile; fileRef = 13EEEDC82907F2510073F5BC /* FavoriteInteractor.swift */; };
		13EEEDCC2907F6F30073F5BC /* FavoritePresenter.swift in Sources */ = {isa = PBXBuildFile; fileRef = 13EEEDCB2907F6F30073F5BC /* FavoritePresenter.swift */; };
		4012BECA27FDB25A002E0728 /* ProfileViewController.swift in Sources */ = {isa = PBXBuildFile; fileRef = 4012BEC827FDB25A002E0728 /* ProfileViewController.swift */; };
		4012BECB27FDB25A002E0728 /* ProfileViewController.xib in Resources */ = {isa = PBXBuildFile; fileRef = 4012BEC927FDB25A002E0728 /* ProfileViewController.xib */; };
		40B59B9827DA659D0086F798 /* imageTableViewCell.swift in Sources */ = {isa = PBXBuildFile; fileRef = 40B59B9627DA659D0086F798 /* imageTableViewCell.swift */; };
		40B59B9927DA659D0086F798 /* imageTableViewCell.xib in Resources */ = {isa = PBXBuildFile; fileRef = 40B59B9727DA659D0086F798 /* imageTableViewCell.xib */; };
		40B59B9C27DA661B0086F798 /* nameDrinkTableViewCell.swift in Sources */ = {isa = PBXBuildFile; fileRef = 40B59B9A27DA661B0086F798 /* nameDrinkTableViewCell.swift */; };
		40B59B9D27DA661B0086F798 /* nameDrinkTableViewCell.xib in Resources */ = {isa = PBXBuildFile; fileRef = 40B59B9B27DA661B0086F798 /* nameDrinkTableViewCell.xib */; };
		40B59BA027DA67540086F798 /* ingredientsTableViewCell.swift in Sources */ = {isa = PBXBuildFile; fileRef = 40B59B9E27DA67540086F798 /* ingredientsTableViewCell.swift */; };
		40B59BA127DA67540086F798 /* ingredientsTableViewCell.xib in Resources */ = {isa = PBXBuildFile; fileRef = 40B59B9F27DA67540086F798 /* ingredientsTableViewCell.xib */; };
		40B59BA427DA69800086F798 /* howToDoTableViewCell.swift in Sources */ = {isa = PBXBuildFile; fileRef = 40B59BA227DA69800086F798 /* howToDoTableViewCell.swift */; };
		40B59BA527DA69800086F798 /* howToDoTableViewCell.xib in Resources */ = {isa = PBXBuildFile; fileRef = 40B59BA327DA69800086F798 /* howToDoTableViewCell.xib */; };
		5F4CF47F2AC9530687F871A1 /* Pods_DrinkApp.framework in Frameworks */ = {isa = PBXBuildFile; fileRef = A066EB91C3B0EF3D75CED3A0 /* Pods_DrinkApp.framework */; };
/* End PBXBuildFile section */

/* Begin PBXFileReference section */
		1309A37C28396A1800C53619 /* FavoriteViewController.swift */ = {isa = PBXFileReference; lastKnownFileType = sourcecode.swift; path = FavoriteViewController.swift; sourceTree = "<group>"; };
		1309A37D28396A1800C53619 /* FavoriteViewController.xib */ = {isa = PBXFileReference; lastKnownFileType = file.xib; path = FavoriteViewController.xib; sourceTree = "<group>"; };
		1309A3AC2840DCB500C53619 /* LoginViewController.swift */ = {isa = PBXFileReference; lastKnownFileType = sourcecode.swift; path = LoginViewController.swift; sourceTree = "<group>"; };
		1309A3AD2840DCB500C53619 /* LoginViewController.xib */ = {isa = PBXFileReference; lastKnownFileType = file.xib; path = LoginViewController.xib; sourceTree = "<group>"; };
		1319FD3527D618A50091FDA5 /* DrinkApp.app */ = {isa = PBXFileReference; explicitFileType = wrapper.application; includeInIndex = 0; path = DrinkApp.app; sourceTree = BUILT_PRODUCTS_DIR; };
		1319FD3827D618A50091FDA5 /* AppDelegate.swift */ = {isa = PBXFileReference; lastKnownFileType = sourcecode.swift; path = AppDelegate.swift; sourceTree = "<group>"; };
		1319FD3A27D618A50091FDA5 /* SceneDelegate.swift */ = {isa = PBXFileReference; lastKnownFileType = sourcecode.swift; path = SceneDelegate.swift; sourceTree = "<group>"; };
		1319FD3C27D618A50091FDA5 /* ViewController.swift */ = {isa = PBXFileReference; lastKnownFileType = sourcecode.swift; path = ViewController.swift; sourceTree = "<group>"; };
		1319FD3F27D618A50091FDA5 /* Base */ = {isa = PBXFileReference; lastKnownFileType = file.storyboard; name = Base; path = Base.lproj/Main.storyboard; sourceTree = "<group>"; };
		1319FD4127D618A80091FDA5 /* Assets.xcassets */ = {isa = PBXFileReference; lastKnownFileType = folder.assetcatalog; path = Assets.xcassets; sourceTree = "<group>"; };
		1319FD4427D618A80091FDA5 /* Base */ = {isa = PBXFileReference; lastKnownFileType = file.storyboard; name = Base; path = Base.lproj/LaunchScreen.storyboard; sourceTree = "<group>"; };
		1319FD4627D618A80091FDA5 /* Info.plist */ = {isa = PBXFileReference; lastKnownFileType = text.plist.xml; path = Info.plist; sourceTree = "<group>"; };
		1319FD4D27D619FB0091FDA5 /* HomeViewController.swift */ = {isa = PBXFileReference; lastKnownFileType = sourcecode.swift; path = HomeViewController.swift; sourceTree = "<group>"; };
		1319FD4E27D619FB0091FDA5 /* HomeViewController.xib */ = {isa = PBXFileReference; lastKnownFileType = file.xib; path = HomeViewController.xib; sourceTree = "<group>"; };
		131A510B29145E79005BA4F0 /* HomePresenter.swift */ = {isa = PBXFileReference; lastKnownFileType = sourcecode.swift; path = HomePresenter.swift; sourceTree = "<group>"; };
		131A510D291467C1005BA4F0 /* HomeRouter.swift */ = {isa = PBXFileReference; lastKnownFileType = sourcecode.swift; path = HomeRouter.swift; sourceTree = "<group>"; };
		1327DC4229094803006B4587 /* FavoriteRouter.swift */ = {isa = PBXFileReference; lastKnownFileType = sourcecode.swift; path = FavoriteRouter.swift; sourceTree = "<group>"; };
		1336C246288039D700C3F2C3 /* ReusableView.swift */ = {isa = PBXFileReference; fileEncoding = 4; lastKnownFileType = sourcecode.swift; path = ReusableView.swift; sourceTree = "<group>"; };
		1339E4F52835055A001A9F29 /* DrinkStorage.swift */ = {isa = PBXFileReference; lastKnownFileType = sourcecode.swift; path = DrinkStorage.swift; sourceTree = "<group>"; };
		13885D9B29000D3600035172 /* FavoriteDrinkCollectionViewCell.swift */ = {isa = PBXFileReference; lastKnownFileType = sourcecode.swift; path = FavoriteDrinkCollectionViewCell.swift; sourceTree = "<group>"; };
		13885D9C29000D3600035172 /* FavoriteDrinkCollectionViewCell.xib */ = {isa = PBXFileReference; lastKnownFileType = file.xib; path = FavoriteDrinkCollectionViewCell.xib; sourceTree = "<group>"; };
		138B1ED527DA134800F583B0 /* Product1TableViewCell.swift */ = {isa = PBXFileReference; lastKnownFileType = sourcecode.swift; path = Product1TableViewCell.swift; sourceTree = "<group>"; };
		138B1ED627DA134800F583B0 /* Product1TableViewCell.xib */ = {isa = PBXFileReference; lastKnownFileType = file.xib; path = Product1TableViewCell.xib; sourceTree = "<group>"; };
		138B1EDA27DA189300F583B0 /* specificationViewController.swift */ = {isa = PBXFileReference; lastKnownFileType = sourcecode.swift; path = specificationViewController.swift; sourceTree = "<group>"; };
		138B1EDB27DA189300F583B0 /* specificationViewController.xib */ = {isa = PBXFileReference; lastKnownFileType = file.xib; path = specificationViewController.xib; sourceTree = "<group>"; };
		1397CEDF280B7550004A17F9 /* TabBarController.swift */ = {isa = PBXFileReference; lastKnownFileType = sourcecode.swift; path = TabBarController.swift; sourceTree = "<group>"; };
		139E623B281ED89000C5DE8E /* infoProfileTableViewCell.swift */ = {isa = PBXFileReference; lastKnownFileType = sourcecode.swift; path = infoProfileTableViewCell.swift; sourceTree = "<group>"; };
		139E623C281ED89000C5DE8E /* infoProfileTableViewCell.xib */ = {isa = PBXFileReference; lastKnownFileType = file.xib; path = infoProfileTableViewCell.xib; sourceTree = "<group>"; };
		13A1F380290EA0050039B0E8 /* HomeInteractor.swift */ = {isa = PBXFileReference; lastKnownFileType = sourcecode.swift; path = HomeInteractor.swift; sourceTree = "<group>"; };
		13CB60AE281AA59C0012AE6E /* ProfileStorage.swift */ = {isa = PBXFileReference; lastKnownFileType = sourcecode.swift; path = ProfileStorage.swift; sourceTree = "<group>"; };
		13DC6A3627D76A5B002FA43A /* DrinkManager.swift */ = {isa = PBXFileReference; lastKnownFileType = sourcecode.swift; path = DrinkManager.swift; sourceTree = "<group>"; };
		13DC6A3827D76A80002FA43A /* Drink.swift */ = {isa = PBXFileReference; lastKnownFileType = sourcecode.swift; path = Drink.swift; sourceTree = "<group>"; };
		13DC6A3A27D76BA9002FA43A /* Response.swift */ = {isa = PBXFileReference; lastKnownFileType = sourcecode.swift; path = Response.swift; sourceTree = "<group>"; };
		13EEEDA4290561390073F5BC /* LettersCollectionViewCell.swift */ = {isa = PBXFileReference; lastKnownFileType = sourcecode.swift; path = LettersCollectionViewCell.swift; sourceTree = "<group>"; };
		13EEEDA5290561390073F5BC /* LettersCollectionViewCell.xib */ = {isa = PBXFileReference; lastKnownFileType = file.xib; path = LettersCollectionViewCell.xib; sourceTree = "<group>"; };
		13EEEDC82907F2510073F5BC /* FavoriteInteractor.swift */ = {isa = PBXFileReference; lastKnownFileType = sourcecode.swift; path = FavoriteInteractor.swift; sourceTree = "<group>"; };
		13EEEDCB2907F6F30073F5BC /* FavoritePresenter.swift */ = {isa = PBXFileReference; lastKnownFileType = sourcecode.swift; path = FavoritePresenter.swift; sourceTree = "<group>"; };
		4012BEC827FDB25A002E0728 /* ProfileViewController.swift */ = {isa = PBXFileReference; lastKnownFileType = sourcecode.swift; path = ProfileViewController.swift; sourceTree = "<group>"; };
		4012BEC927FDB25A002E0728 /* ProfileViewController.xib */ = {isa = PBXFileReference; lastKnownFileType = file.xib; path = ProfileViewController.xib; sourceTree = "<group>"; };
		40B59B9627DA659D0086F798 /* imageTableViewCell.swift */ = {isa = PBXFileReference; lastKnownFileType = sourcecode.swift; path = imageTableViewCell.swift; sourceTree = "<group>"; };
		40B59B9727DA659D0086F798 /* imageTableViewCell.xib */ = {isa = PBXFileReference; lastKnownFileType = file.xib; path = imageTableViewCell.xib; sourceTree = "<group>"; };
		40B59B9A27DA661B0086F798 /* nameDrinkTableViewCell.swift */ = {isa = PBXFileReference; lastKnownFileType = sourcecode.swift; path = nameDrinkTableViewCell.swift; sourceTree = "<group>"; };
		40B59B9B27DA661B0086F798 /* nameDrinkTableViewCell.xib */ = {isa = PBXFileReference; lastKnownFileType = file.xib; path = nameDrinkTableViewCell.xib; sourceTree = "<group>"; };
		40B59B9E27DA67540086F798 /* ingredientsTableViewCell.swift */ = {isa = PBXFileReference; lastKnownFileType = sourcecode.swift; path = ingredientsTableViewCell.swift; sourceTree = "<group>"; };
		40B59B9F27DA67540086F798 /* ingredientsTableViewCell.xib */ = {isa = PBXFileReference; lastKnownFileType = file.xib; path = ingredientsTableViewCell.xib; sourceTree = "<group>"; };
		40B59BA227DA69800086F798 /* howToDoTableViewCell.swift */ = {isa = PBXFileReference; lastKnownFileType = sourcecode.swift; path = howToDoTableViewCell.swift; sourceTree = "<group>"; };
		40B59BA327DA69800086F798 /* howToDoTableViewCell.xib */ = {isa = PBXFileReference; lastKnownFileType = file.xib; path = howToDoTableViewCell.xib; sourceTree = "<group>"; };
		56ECCFC94D0D5599DAF6757C /* Pods-DrinkApp.debug.xcconfig */ = {isa = PBXFileReference; includeInIndex = 1; lastKnownFileType = text.xcconfig; name = "Pods-DrinkApp.debug.xcconfig"; path = "Target Support Files/Pods-DrinkApp/Pods-DrinkApp.debug.xcconfig"; sourceTree = "<group>"; };
		A066EB91C3B0EF3D75CED3A0 /* Pods_DrinkApp.framework */ = {isa = PBXFileReference; explicitFileType = wrapper.framework; includeInIndex = 0; path = Pods_DrinkApp.framework; sourceTree = BUILT_PRODUCTS_DIR; };
		C6BEF90B463B5E35BF5B0C3F /* Pods-DrinkApp.release.xcconfig */ = {isa = PBXFileReference; includeInIndex = 1; lastKnownFileType = text.xcconfig; name = "Pods-DrinkApp.release.xcconfig"; path = "Target Support Files/Pods-DrinkApp/Pods-DrinkApp.release.xcconfig"; sourceTree = "<group>"; };
/* End PBXFileReference section */

/* Begin PBXFrameworksBuildPhase section */
		1319FD3227D618A50091FDA5 /* Frameworks */ = {
			isa = PBXFrameworksBuildPhase;
			buildActionMask = 2147483647;
			files = (
				5F4CF47F2AC9530687F871A1 /* Pods_DrinkApp.framework in Frameworks */,
			);
			runOnlyForDeploymentPostprocessing = 0;
		};
/* End PBXFrameworksBuildPhase section */

/* Begin PBXGroup section */
		1309A3772839699F00C53619 /* Favorite */ = {
			isa = PBXGroup;
			children = (
				1327DC41290947F4006B4587 /* Router */,
				13EEEDCA2907F6E50073F5BC /* Presenter */,
				13EEEDC72907F23D0073F5BC /* Interactor */,
				13EEEDC62907F1620073F5BC /* View */,
			);
			path = Favorite;
			sourceTree = "<group>";
		};
		1309A3AA2840DC7400C53619 /* Tela de Login */ = {
			isa = PBXGroup;
			children = (
				1309A3AC2840DCB500C53619 /* LoginViewController.swift */,
				1309A3AD2840DCB500C53619 /* LoginViewController.xib */,
			);
			path = "Tela de Login";
			sourceTree = "<group>";
		};
		1319FD2C27D618A50091FDA5 = {
			isa = PBXGroup;
			children = (
				1319FD3727D618A50091FDA5 /* DrinkApp */,
				1319FD3627D618A50091FDA5 /* Products */,
				6579BA6AB37D46CBFB6E11BB /* Pods */,
				EFC5A555CEEB1E5F6C4A0A54 /* Frameworks */,
			);
			sourceTree = "<group>";
		};
		1319FD3627D618A50091FDA5 /* Products */ = {
			isa = PBXGroup;
			children = (
				1319FD3527D618A50091FDA5 /* DrinkApp.app */,
			);
			name = Products;
			sourceTree = "<group>";
		};
		1319FD3727D618A50091FDA5 /* DrinkApp */ = {
			isa = PBXGroup;
			children = (
				1339E4F428350535001A9F29 /* Storage */,
				1336C246288039D700C3F2C3 /* ReusableView.swift */,
				1309A3AA2840DC7400C53619 /* Tela de Login */,
				1309A3772839699F00C53619 /* Favorite */,
				1397CEDD280B7526004A17F9 /* TabBar */,
				4012BEC327FDB03F002E0728 /* Profile */,
				138B1ED927DA17CA00F583B0 /* DetailsDrink */,
				13DC6A3327D7696A002FA43A /* Common */,
				1319FD4C27D6198F0091FDA5 /* Tela de Home */,
				1319FD3827D618A50091FDA5 /* AppDelegate.swift */,
				1319FD3A27D618A50091FDA5 /* SceneDelegate.swift */,
				1319FD3C27D618A50091FDA5 /* ViewController.swift */,
				1319FD3E27D618A50091FDA5 /* Main.storyboard */,
				1319FD4127D618A80091FDA5 /* Assets.xcassets */,
				1319FD4327D618A80091FDA5 /* LaunchScreen.storyboard */,
				1319FD4627D618A80091FDA5 /* Info.plist */,
			);
			path = DrinkApp;
			sourceTree = "<group>";
		};
		1319FD4C27D6198F0091FDA5 /* Tela de Home */ = {
			isa = PBXGroup;
			children = (
				131A510929145B11005BA4F0 /* Router */,
				131A510829145B0B005BA4F0 /* View */,
				131A510729145AD1005BA4F0 /* Presenter */,
				13A1F37F290E9FEE0039B0E8 /* Interactor */,
			);
			path = "Tela de Home";
			sourceTree = "<group>";
		};
		131A510729145AD1005BA4F0 /* Presenter */ = {
			isa = PBXGroup;
			children = (
				131A510B29145E79005BA4F0 /* HomePresenter.swift */,
			);
			path = Presenter;
			sourceTree = "<group>";
		};
		131A510829145B0B005BA4F0 /* View */ = {
			isa = PBXGroup;
			children = (
				1319FD4D27D619FB0091FDA5 /* HomeViewController.swift */,
				1319FD4E27D619FB0091FDA5 /* HomeViewController.xib */,
				131A510A29145B2C005BA4F0 /* Cells */,
			);
			path = View;
			sourceTree = "<group>";
		};
		131A510929145B11005BA4F0 /* Router */ = {
			isa = PBXGroup;
			children = (
				131A510D291467C1005BA4F0 /* HomeRouter.swift */,
			);
			path = Router;
			sourceTree = "<group>";
		};
		131A510A29145B2C005BA4F0 /* Cells */ = {
			isa = PBXGroup;
			children = (
				138B1ED527DA134800F583B0 /* Product1TableViewCell.swift */,
				138B1ED627DA134800F583B0 /* Product1TableViewCell.xib */,
				13EEEDA4290561390073F5BC /* LettersCollectionViewCell.swift */,
				13EEEDA5290561390073F5BC /* LettersCollectionViewCell.xib */,
			);
			path = Cells;
			sourceTree = "<group>";
		};
		1327DC41290947F4006B4587 /* Router */ = {
			isa = PBXGroup;
			children = (
				1327DC4229094803006B4587 /* FavoriteRouter.swift */,
			);
			path = Router;
			sourceTree = "<group>";
		};
		1339E4F428350535001A9F29 /* Storage */ = {
			isa = PBXGroup;
			children = (
				1339E4F52835055A001A9F29 /* DrinkStorage.swift */,
			);
			path = Storage;
			sourceTree = "<group>";
		};
		138B1ED927DA17CA00F583B0 /* DetailsDrink */ = {
			isa = PBXGroup;
			children = (
				138B1EDA27DA189300F583B0 /* specificationViewController.swift */,
				138B1EDB27DA189300F583B0 /* specificationViewController.xib */,
				40B59B9627DA659D0086F798 /* imageTableViewCell.swift */,
				40B59B9727DA659D0086F798 /* imageTableViewCell.xib */,
				40B59B9A27DA661B0086F798 /* nameDrinkTableViewCell.swift */,
				40B59B9B27DA661B0086F798 /* nameDrinkTableViewCell.xib */,
				40B59B9E27DA67540086F798 /* ingredientsTableViewCell.swift */,
				40B59B9F27DA67540086F798 /* ingredientsTableViewCell.xib */,
				40B59BA227DA69800086F798 /* howToDoTableViewCell.swift */,
				40B59BA327DA69800086F798 /* howToDoTableViewCell.xib */,
			);
			path = DetailsDrink;
			sourceTree = "<group>";
		};
		1397CEDD280B7526004A17F9 /* TabBar */ = {
			isa = PBXGroup;
			children = (
				1397CEDF280B7550004A17F9 /* TabBarController.swift */,
			);
			path = TabBar;
			sourceTree = "<group>";
		};
		13A1F37F290E9FEE0039B0E8 /* Interactor */ = {
			isa = PBXGroup;
			children = (
				13A1F380290EA0050039B0E8 /* HomeInteractor.swift */,
			);
			path = Interactor;
			sourceTree = "<group>";
		};
		13CB60AC281AA56A0012AE6E /* ViewController */ = {
			isa = PBXGroup;
			children = (
				4012BEC827FDB25A002E0728 /* ProfileViewController.swift */,
				4012BEC927FDB25A002E0728 /* ProfileViewController.xib */,
				139E623B281ED89000C5DE8E /* infoProfileTableViewCell.swift */,
				139E623C281ED89000C5DE8E /* infoProfileTableViewCell.xib */,
			);
			path = ViewController;
			sourceTree = "<group>";
		};
		13CB60AD281AA57B0012AE6E /* Storage */ = {
			isa = PBXGroup;
			children = (
				13CB60AE281AA59C0012AE6E /* ProfileStorage.swift */,
			);
			path = Storage;
			sourceTree = "<group>";
		};
		13DC6A3327D7696A002FA43A /* Common */ = {
			isa = PBXGroup;
			children = (
				13DC6A3527D76A3C002FA43A /* Manager */,
				13DC6A3427D76A34002FA43A /* Entity */,
			);
			path = Common;
			sourceTree = "<group>";
		};
		13DC6A3427D76A34002FA43A /* Entity */ = {
			isa = PBXGroup;
			children = (
				13DC6A3827D76A80002FA43A /* Drink.swift */,
				13DC6A3A27D76BA9002FA43A /* Response.swift */,
			);
			path = Entity;
			sourceTree = "<group>";
		};
		13DC6A3527D76A3C002FA43A /* Manager */ = {
			isa = PBXGroup;
			children = (
				13DC6A3627D76A5B002FA43A /* DrinkManager.swift */,
			);
			path = Manager;
			sourceTree = "<group>";
		};
		13EEEDC62907F1620073F5BC /* View */ = {
			isa = PBXGroup;
			children = (
				1309A37C28396A1800C53619 /* FavoriteViewController.swift */,
				1309A37D28396A1800C53619 /* FavoriteViewController.xib */,
				13885D9B29000D3600035172 /* FavoriteDrinkCollectionViewCell.swift */,
				13885D9C29000D3600035172 /* FavoriteDrinkCollectionViewCell.xib */,
			);
			path = View;
			sourceTree = "<group>";
		};
		13EEEDC72907F23D0073F5BC /* Interactor */ = {
			isa = PBXGroup;
			children = (
				13EEEDC82907F2510073F5BC /* FavoriteInteractor.swift */,
			);
			path = Interactor;
			sourceTree = "<group>";
		};
		13EEEDCA2907F6E50073F5BC /* Presenter */ = {
			isa = PBXGroup;
			children = (
				13EEEDCB2907F6F30073F5BC /* FavoritePresenter.swift */,
			);
			path = Presenter;
			sourceTree = "<group>";
		};
		4012BEC327FDB03F002E0728 /* Profile */ = {
			isa = PBXGroup;
			children = (
				13CB60AD281AA57B0012AE6E /* Storage */,
				13CB60AC281AA56A0012AE6E /* ViewController */,
			);
			path = Profile;
			sourceTree = "<group>";
		};
		6579BA6AB37D46CBFB6E11BB /* Pods */ = {
			isa = PBXGroup;
			children = (
				56ECCFC94D0D5599DAF6757C /* Pods-DrinkApp.debug.xcconfig */,
				C6BEF90B463B5E35BF5B0C3F /* Pods-DrinkApp.release.xcconfig */,
			);
			path = Pods;
			sourceTree = "<group>";
		};
		EFC5A555CEEB1E5F6C4A0A54 /* Frameworks */ = {
			isa = PBXGroup;
			children = (
				A066EB91C3B0EF3D75CED3A0 /* Pods_DrinkApp.framework */,
			);
			name = Frameworks;
			sourceTree = "<group>";
		};
/* End PBXGroup section */

/* Begin PBXNativeTarget section */
		1319FD3427D618A50091FDA5 /* DrinkApp */ = {
			isa = PBXNativeTarget;
			buildConfigurationList = 1319FD4927D618A80091FDA5 /* Build configuration list for PBXNativeTarget "DrinkApp" */;
			buildPhases = (
				95FEA7B437E9EC4E7AFE8A94 /* [CP] Check Pods Manifest.lock */,
				1319FD3127D618A50091FDA5 /* Sources */,
				1319FD3227D618A50091FDA5 /* Frameworks */,
				1319FD3327D618A50091FDA5 /* Resources */,
				005CBCB072BF38C9B653C512 /* [CP] Embed Pods Frameworks */,
			);
			buildRules = (
			);
			dependencies = (
			);
			name = DrinkApp;
			productName = DrinkApp;
			productReference = 1319FD3527D618A50091FDA5 /* DrinkApp.app */;
			productType = "com.apple.product-type.application";
		};
/* End PBXNativeTarget section */

/* Begin PBXProject section */
		1319FD2D27D618A50091FDA5 /* Project object */ = {
			isa = PBXProject;
			attributes = {
				BuildIndependentTargetsInParallel = 1;
				LastSwiftUpdateCheck = 1320;
				LastUpgradeCheck = 1320;
				TargetAttributes = {
					1319FD3427D618A50091FDA5 = {
						CreatedOnToolsVersion = 13.2.1;
					};
				};
			};
			buildConfigurationList = 1319FD3027D618A50091FDA5 /* Build configuration list for PBXProject "DrinkApp" */;
			compatibilityVersion = "Xcode 13.0";
			developmentRegion = en;
			hasScannedForEncodings = 0;
			knownRegions = (
				en,
				Base,
			);
			mainGroup = 1319FD2C27D618A50091FDA5;
			productRefGroup = 1319FD3627D618A50091FDA5 /* Products */;
			projectDirPath = "";
			projectRoot = "";
			targets = (
				1319FD3427D618A50091FDA5 /* DrinkApp */,
			);
		};
/* End PBXProject section */

/* Begin PBXResourcesBuildPhase section */
		1319FD3327D618A50091FDA5 /* Resources */ = {
			isa = PBXResourcesBuildPhase;
			buildActionMask = 2147483647;
			files = (
				138B1EDD27DA189300F583B0 /* specificationViewController.xib in Resources */,
				1309A37F28396A1800C53619 /* FavoriteViewController.xib in Resources */,
				1319FD4527D618A80091FDA5 /* LaunchScreen.storyboard in Resources */,
				138B1ED827DA134800F583B0 /* Product1TableViewCell.xib in Resources */,
				13885D9E29000D3600035172 /* FavoriteDrinkCollectionViewCell.xib in Resources */,
				1319FD4227D618A80091FDA5 /* Assets.xcassets in Resources */,
				1319FD4027D618A50091FDA5 /* Main.storyboard in Resources */,
				4012BECB27FDB25A002E0728 /* ProfileViewController.xib in Resources */,
				13EEEDA7290561390073F5BC /* LettersCollectionViewCell.xib in Resources */,
				40B59BA127DA67540086F798 /* ingredientsTableViewCell.xib in Resources */,
				1319FD5027D619FB0091FDA5 /* HomeViewController.xib in Resources */,
				40B59B9927DA659D0086F798 /* imageTableViewCell.xib in Resources */,
				139E623E281ED89000C5DE8E /* infoProfileTableViewCell.xib in Resources */,
				40B59BA527DA69800086F798 /* howToDoTableViewCell.xib in Resources */,
				1309A3AF2840DCB600C53619 /* LoginViewController.xib in Resources */,
				40B59B9D27DA661B0086F798 /* nameDrinkTableViewCell.xib in Resources */,
			);
			runOnlyForDeploymentPostprocessing = 0;
		};
/* End PBXResourcesBuildPhase section */

/* Begin PBXShellScriptBuildPhase section */
		005CBCB072BF38C9B653C512 /* [CP] Embed Pods Frameworks */ = {
			isa = PBXShellScriptBuildPhase;
			buildActionMask = 2147483647;
			files = (
			);
			inputFileListPaths = (
				"${PODS_ROOT}/Target Support Files/Pods-DrinkApp/Pods-DrinkApp-frameworks-${CONFIGURATION}-input-files.xcfilelist",
			);
			name = "[CP] Embed Pods Frameworks";
			outputFileListPaths = (
				"${PODS_ROOT}/Target Support Files/Pods-DrinkApp/Pods-DrinkApp-frameworks-${CONFIGURATION}-output-files.xcfilelist",
			);
			runOnlyForDeploymentPostprocessing = 0;
			shellPath = /bin/sh;
			shellScript = "\"${PODS_ROOT}/Target Support Files/Pods-DrinkApp/Pods-DrinkApp-frameworks.sh\"\n";
			showEnvVarsInLog = 0;
		};
		95FEA7B437E9EC4E7AFE8A94 /* [CP] Check Pods Manifest.lock */ = {
			isa = PBXShellScriptBuildPhase;
			buildActionMask = 2147483647;
			files = (
			);
			inputFileListPaths = (
			);
			inputPaths = (
				"${PODS_PODFILE_DIR_PATH}/Podfile.lock",
				"${PODS_ROOT}/Manifest.lock",
			);
			name = "[CP] Check Pods Manifest.lock";
			outputFileListPaths = (
			);
			outputPaths = (
				"$(DERIVED_FILE_DIR)/Pods-DrinkApp-checkManifestLockResult.txt",
			);
			runOnlyForDeploymentPostprocessing = 0;
			shellPath = /bin/sh;
			shellScript = "diff \"${PODS_PODFILE_DIR_PATH}/Podfile.lock\" \"${PODS_ROOT}/Manifest.lock\" > /dev/null\nif [ $? != 0 ] ; then\n    # print error to STDERR\n    echo \"error: The sandbox is not in sync with the Podfile.lock. Run 'pod install' or update your CocoaPods installation.\" >&2\n    exit 1\nfi\n# This output is used by Xcode 'outputs' to avoid re-running this script phase.\necho \"SUCCESS\" > \"${SCRIPT_OUTPUT_FILE_0}\"\n";
			showEnvVarsInLog = 0;
		};
/* End PBXShellScriptBuildPhase section */

/* Begin PBXSourcesBuildPhase section */
		1319FD3127D618A50091FDA5 /* Sources */ = {
			isa = PBXSourcesBuildPhase;
			buildActionMask = 2147483647;
			files = (
				13DC6A3B27D76BA9002FA43A /* Response.swift in Sources */,
				138B1ED727DA134800F583B0 /* Product1TableViewCell.swift in Sources */,
				13EEEDCC2907F6F30073F5BC /* FavoritePresenter.swift in Sources */,
				1319FD3D27D618A50091FDA5 /* ViewController.swift in Sources */,
				131A510E291467C1005BA4F0 /* HomeRouter.swift in Sources */,
				1327DC4329094803006B4587 /* FavoriteRouter.swift in Sources */,
				13A1F381290EA0050039B0E8 /* HomeInteractor.swift in Sources */,
				139E623D281ED89000C5DE8E /* infoProfileTableViewCell.swift in Sources */,
				131A510C29145E79005BA4F0 /* HomePresenter.swift in Sources */,
				1397CEE0280B7550004A17F9 /* TabBarController.swift in Sources */,
				40B59BA427DA69800086F798 /* howToDoTableViewCell.swift in Sources */,
				13CB60AF281AA59C0012AE6E /* ProfileStorage.swift in Sources */,
				4012BECA27FDB25A002E0728 /* ProfileViewController.swift in Sources */,
				1309A3AE2840DCB600C53619 /* LoginViewController.swift in Sources */,
				1339E4F62835055A001A9F29 /* DrinkStorage.swift in Sources */,
				138B1EDC27DA189300F583B0 /* specificationViewController.swift in Sources */,
				13EEEDA6290561390073F5BC /* LettersCollectionViewCell.swift in Sources */,
				13885D9D29000D3600035172 /* FavoriteDrinkCollectionViewCell.swift in Sources */,
				13DC6A3727D76A5B002FA43A /* DrinkManager.swift in Sources */,
				13EEEDC92907F2510073F5BC /* FavoriteInteractor.swift in Sources */,
				40B59B9827DA659D0086F798 /* imageTableViewCell.swift in Sources */,
				1319FD3927D618A50091FDA5 /* AppDelegate.swift in Sources */,
				1319FD3B27D618A50091FDA5 /* SceneDelegate.swift in Sources */,
				1336C247288039D700C3F2C3 /* ReusableView.swift in Sources */,
				1309A37E28396A1800C53619 /* FavoriteViewController.swift in Sources */,
				40B59BA027DA67540086F798 /* ingredientsTableViewCell.swift in Sources */,
				40B59B9C27DA661B0086F798 /* nameDrinkTableViewCell.swift in Sources */,
				13DC6A3927D76A80002FA43A /* Drink.swift in Sources */,
				1319FD4F27D619FB0091FDA5 /* HomeViewController.swift in Sources */,
			);
			runOnlyForDeploymentPostprocessing = 0;
		};
/* End PBXSourcesBuildPhase section */

/* Begin PBXVariantGroup section */
		1319FD3E27D618A50091FDA5 /* Main.storyboard */ = {
			isa = PBXVariantGroup;
			children = (
				1319FD3F27D618A50091FDA5 /* Base */,
			);
			name = Main.storyboard;
			sourceTree = "<group>";
		};
		1319FD4327D618A80091FDA5 /* LaunchScreen.storyboard */ = {
			isa = PBXVariantGroup;
			children = (
				1319FD4427D618A80091FDA5 /* Base */,
			);
			name = LaunchScreen.storyboard;
			sourceTree = "<group>";
		};
/* End PBXVariantGroup section */

/* Begin XCBuildConfiguration section */
		1319FD4727D618A80091FDA5 /* Debug */ = {
			isa = XCBuildConfiguration;
			buildSettings = {
				ALWAYS_SEARCH_USER_PATHS = NO;
				CLANG_ANALYZER_NONNULL = YES;
				CLANG_ANALYZER_NUMBER_OBJECT_CONVERSION = YES_AGGRESSIVE;
				CLANG_CXX_LANGUAGE_STANDARD = "gnu++17";
				CLANG_CXX_LIBRARY = "libc++";
				CLANG_ENABLE_MODULES = YES;
				CLANG_ENABLE_OBJC_ARC = YES;
				CLANG_ENABLE_OBJC_WEAK = YES;
				CLANG_WARN_BLOCK_CAPTURE_AUTORELEASING = YES;
				CLANG_WARN_BOOL_CONVERSION = YES;
				CLANG_WARN_COMMA = YES;
				CLANG_WARN_CONSTANT_CONVERSION = YES;
				CLANG_WARN_DEPRECATED_OBJC_IMPLEMENTATIONS = YES;
				CLANG_WARN_DIRECT_OBJC_ISA_USAGE = YES_ERROR;
				CLANG_WARN_DOCUMENTATION_COMMENTS = YES;
				CLANG_WARN_EMPTY_BODY = YES;
				CLANG_WARN_ENUM_CONVERSION = YES;
				CLANG_WARN_INFINITE_RECURSION = YES;
				CLANG_WARN_INT_CONVERSION = YES;
				CLANG_WARN_NON_LITERAL_NULL_CONVERSION = YES;
				CLANG_WARN_OBJC_IMPLICIT_RETAIN_SELF = YES;
				CLANG_WARN_OBJC_LITERAL_CONVERSION = YES;
				CLANG_WARN_OBJC_ROOT_CLASS = YES_ERROR;
				CLANG_WARN_QUOTED_INCLUDE_IN_FRAMEWORK_HEADER = YES;
				CLANG_WARN_RANGE_LOOP_ANALYSIS = YES;
				CLANG_WARN_STRICT_PROTOTYPES = YES;
				CLANG_WARN_SUSPICIOUS_MOVE = YES;
				CLANG_WARN_UNGUARDED_AVAILABILITY = YES_AGGRESSIVE;
				CLANG_WARN_UNREACHABLE_CODE = YES;
				CLANG_WARN__DUPLICATE_METHOD_MATCH = YES;
				COPY_PHASE_STRIP = NO;
				DEBUG_INFORMATION_FORMAT = dwarf;
				ENABLE_STRICT_OBJC_MSGSEND = YES;
				ENABLE_TESTABILITY = YES;
				GCC_C_LANGUAGE_STANDARD = gnu11;
				GCC_DYNAMIC_NO_PIC = NO;
				GCC_NO_COMMON_BLOCKS = YES;
				GCC_OPTIMIZATION_LEVEL = 0;
				GCC_PREPROCESSOR_DEFINITIONS = (
					"DEBUG=1",
					"$(inherited)",
				);
				GCC_WARN_64_TO_32_BIT_CONVERSION = YES;
				GCC_WARN_ABOUT_RETURN_TYPE = YES_ERROR;
				GCC_WARN_UNDECLARED_SELECTOR = YES;
				GCC_WARN_UNINITIALIZED_AUTOS = YES_AGGRESSIVE;
				GCC_WARN_UNUSED_FUNCTION = YES;
				GCC_WARN_UNUSED_VARIABLE = YES;
				IPHONEOS_DEPLOYMENT_TARGET = 15.2;
				MTL_ENABLE_DEBUG_INFO = INCLUDE_SOURCE;
				MTL_FAST_MATH = YES;
				ONLY_ACTIVE_ARCH = YES;
				SDKROOT = iphoneos;
				SWIFT_ACTIVE_COMPILATION_CONDITIONS = DEBUG;
				SWIFT_OPTIMIZATION_LEVEL = "-Onone";
			};
			name = Debug;
		};
		1319FD4827D618A80091FDA5 /* Release */ = {
			isa = XCBuildConfiguration;
			buildSettings = {
				ALWAYS_SEARCH_USER_PATHS = NO;
				CLANG_ANALYZER_NONNULL = YES;
				CLANG_ANALYZER_NUMBER_OBJECT_CONVERSION = YES_AGGRESSIVE;
				CLANG_CXX_LANGUAGE_STANDARD = "gnu++17";
				CLANG_CXX_LIBRARY = "libc++";
				CLANG_ENABLE_MODULES = YES;
				CLANG_ENABLE_OBJC_ARC = YES;
				CLANG_ENABLE_OBJC_WEAK = YES;
				CLANG_WARN_BLOCK_CAPTURE_AUTORELEASING = YES;
				CLANG_WARN_BOOL_CONVERSION = YES;
				CLANG_WARN_COMMA = YES;
				CLANG_WARN_CONSTANT_CONVERSION = YES;
				CLANG_WARN_DEPRECATED_OBJC_IMPLEMENTATIONS = YES;
				CLANG_WARN_DIRECT_OBJC_ISA_USAGE = YES_ERROR;
				CLANG_WARN_DOCUMENTATION_COMMENTS = YES;
				CLANG_WARN_EMPTY_BODY = YES;
				CLANG_WARN_ENUM_CONVERSION = YES;
				CLANG_WARN_INFINITE_RECURSION = YES;
				CLANG_WARN_INT_CONVERSION = YES;
				CLANG_WARN_NON_LITERAL_NULL_CONVERSION = YES;
				CLANG_WARN_OBJC_IMPLICIT_RETAIN_SELF = YES;
				CLANG_WARN_OBJC_LITERAL_CONVERSION = YES;
				CLANG_WARN_OBJC_ROOT_CLASS = YES_ERROR;
				CLANG_WARN_QUOTED_INCLUDE_IN_FRAMEWORK_HEADER = YES;
				CLANG_WARN_RANGE_LOOP_ANALYSIS = YES;
				CLANG_WARN_STRICT_PROTOTYPES = YES;
				CLANG_WARN_SUSPICIOUS_MOVE = YES;
				CLANG_WARN_UNGUARDED_AVAILABILITY = YES_AGGRESSIVE;
				CLANG_WARN_UNREACHABLE_CODE = YES;
				CLANG_WARN__DUPLICATE_METHOD_MATCH = YES;
				COPY_PHASE_STRIP = NO;
				DEBUG_INFORMATION_FORMAT = "dwarf-with-dsym";
				ENABLE_NS_ASSERTIONS = NO;
				ENABLE_STRICT_OBJC_MSGSEND = YES;
				GCC_C_LANGUAGE_STANDARD = gnu11;
				GCC_NO_COMMON_BLOCKS = YES;
				GCC_WARN_64_TO_32_BIT_CONVERSION = YES;
				GCC_WARN_ABOUT_RETURN_TYPE = YES_ERROR;
				GCC_WARN_UNDECLARED_SELECTOR = YES;
				GCC_WARN_UNINITIALIZED_AUTOS = YES_AGGRESSIVE;
				GCC_WARN_UNUSED_FUNCTION = YES;
				GCC_WARN_UNUSED_VARIABLE = YES;
				IPHONEOS_DEPLOYMENT_TARGET = 15.2;
				MTL_ENABLE_DEBUG_INFO = NO;
				MTL_FAST_MATH = YES;
				SDKROOT = iphoneos;
				SWIFT_COMPILATION_MODE = wholemodule;
				SWIFT_OPTIMIZATION_LEVEL = "-O";
				VALIDATE_PRODUCT = YES;
			};
			name = Release;
		};
		1319FD4A27D618A80091FDA5 /* Debug */ = {
			isa = XCBuildConfiguration;
			baseConfigurationReference = 56ECCFC94D0D5599DAF6757C /* Pods-DrinkApp.debug.xcconfig */;
			buildSettings = {
				ASSETCATALOG_COMPILER_APPICON_NAME = AppIcon;
				ASSETCATALOG_COMPILER_GLOBAL_ACCENT_COLOR_NAME = AccentColor;
				CODE_SIGN_STYLE = Automatic;
				CURRENT_PROJECT_VERSION = 1;
				DEVELOPMENT_TEAM = VHXZ33H4XZ;
				GENERATE_INFOPLIST_FILE = YES;
				INFOPLIST_FILE = DrinkApp/Info.plist;
				INFOPLIST_KEY_UIApplicationSupportsIndirectInputEvents = YES;
				INFOPLIST_KEY_UILaunchStoryboardName = LaunchScreen;
				INFOPLIST_KEY_UIMainStoryboardFile = Main;
				INFOPLIST_KEY_UISupportedInterfaceOrientations_iPad = "UIInterfaceOrientationPortrait UIInterfaceOrientationPortraitUpsideDown UIInterfaceOrientationLandscapeLeft UIInterfaceOrientationLandscapeRight";
				INFOPLIST_KEY_UISupportedInterfaceOrientations_iPhone = "UIInterfaceOrientationPortrait UIInterfaceOrientationLandscapeLeft UIInterfaceOrientationLandscapeRight";
				IPHONEOS_DEPLOYMENT_TARGET = 13.0;
				LD_RUNPATH_SEARCH_PATHS = (
					"$(inherited)",
					"@executable_path/Frameworks",
				);
				MARKETING_VERSION = 1.0;
				PRODUCT_BUNDLE_IDENTIFIER = "MISS-Organization.DrinkApp";
				PRODUCT_NAME = "$(TARGET_NAME)";
				SWIFT_EMIT_LOC_STRINGS = YES;
				SWIFT_VERSION = 5.0;
				TARGETED_DEVICE_FAMILY = "1,2";
			};
			name = Debug;
		};
		1319FD4B27D618A80091FDA5 /* Release */ = {
			isa = XCBuildConfiguration;
			baseConfigurationReference = C6BEF90B463B5E35BF5B0C3F /* Pods-DrinkApp.release.xcconfig */;
			buildSettings = {
				ASSETCATALOG_COMPILER_APPICON_NAME = AppIcon;
				ASSETCATALOG_COMPILER_GLOBAL_ACCENT_COLOR_NAME = AccentColor;
				CODE_SIGN_STYLE = Automatic;
				CURRENT_PROJECT_VERSION = 1;
				DEVELOPMENT_TEAM = VHXZ33H4XZ;
				GENERATE_INFOPLIST_FILE = YES;
				INFOPLIST_FILE = DrinkApp/Info.plist;
				INFOPLIST_KEY_UIApplicationSupportsIndirectInputEvents = YES;
				INFOPLIST_KEY_UILaunchStoryboardName = LaunchScreen;
				INFOPLIST_KEY_UIMainStoryboardFile = Main;
				INFOPLIST_KEY_UISupportedInterfaceOrientations_iPad = "UIInterfaceOrientationPortrait UIInterfaceOrientationPortraitUpsideDown UIInterfaceOrientationLandscapeLeft UIInterfaceOrientationLandscapeRight";
				INFOPLIST_KEY_UISupportedInterfaceOrientations_iPhone = "UIInterfaceOrientationPortrait UIInterfaceOrientationLandscapeLeft UIInterfaceOrientationLandscapeRight";
				IPHONEOS_DEPLOYMENT_TARGET = 13.0;
				LD_RUNPATH_SEARCH_PATHS = (
					"$(inherited)",
					"@executable_path/Frameworks",
				);
				MARKETING_VERSION = 1.0;
				PRODUCT_BUNDLE_IDENTIFIER = "MISS-Organization.DrinkApp";
				PRODUCT_NAME = "$(TARGET_NAME)";
				SWIFT_EMIT_LOC_STRINGS = YES;
				SWIFT_VERSION = 5.0;
				TARGETED_DEVICE_FAMILY = "1,2";
			};
			name = Release;
		};
/* End XCBuildConfiguration section */

/* Begin XCConfigurationList section */
		1319FD3027D618A50091FDA5 /* Build configuration list for PBXProject "DrinkApp" */ = {
			isa = XCConfigurationList;
			buildConfigurations = (
				1319FD4727D618A80091FDA5 /* Debug */,
				1319FD4827D618A80091FDA5 /* Release */,
			);
			defaultConfigurationIsVisible = 0;
			defaultConfigurationName = Release;
		};
		1319FD4927D618A80091FDA5 /* Build configuration list for PBXNativeTarget "DrinkApp" */ = {
			isa = XCConfigurationList;
			buildConfigurations = (
				1319FD4A27D618A80091FDA5 /* Debug */,
				1319FD4B27D618A80091FDA5 /* Release */,
			);
			defaultConfigurationIsVisible = 0;
			defaultConfigurationName = Release;
		};
/* End XCConfigurationList section */
	};
	rootObject = 1319FD2D27D618A50091FDA5 /* Project object */;
}
